// !$*UTF8*$!
{
	archiveVersion = 1;
	classes = {
	};
	objectVersion = 46;
	objects = {

/* Begin PBXBuildFile section */
		88F37F4A1CED91FB007B39DA /* main.m in Sources */ = {isa = PBXBuildFile; fileRef = 88F37F491CED91FB007B39DA /* main.m */; };
		88F37F4D1CED91FB007B39DA /* AppDelegate.m in Sources */ = {isa = PBXBuildFile; fileRef = 88F37F4C1CED91FB007B39DA /* AppDelegate.m */; };
		88F37F551CED91FB007B39DA /* Assets.xcassets in Resources */ = {isa = PBXBuildFile; fileRef = 88F37F541CED91FB007B39DA /* Assets.xcassets */; };
		88F37F581CED91FB007B39DA /* LaunchScreen.storyboard in Resources */ = {isa = PBXBuildFile; fileRef = 88F37F561CED91FB007B39DA /* LaunchScreen.storyboard */; };
		88F37F631CED91FB007B39DA /* WithdrawDemoTests.m in Sources */ = {isa = PBXBuildFile; fileRef = 88F37F621CED91FB007B39DA /* WithdrawDemoTests.m */; };
		88F37F6E1CED91FB007B39DA /* WithdrawDemoUITests.m in Sources */ = {isa = PBXBuildFile; fileRef = 88F37F6D1CED91FB007B39DA /* WithdrawDemoUITests.m */; };
		88F37F7D1CED9219007B39DA /* WithdrawViewController.m in Sources */ = {isa = PBXBuildFile; fileRef = 88F37F7C1CED9219007B39DA /* WithdrawViewController.m */; };
		88F37F991CED933F007B39DA /* Info.plist in Resources */ = {isa = PBXBuildFile; fileRef = 88F37F7F1CED933F007B39DA /* Info.plist */; };
		88F37F9A1CED933F007B39DA /* MASCompositeConstraint.m in Sources */ = {isa = PBXBuildFile; fileRef = 88F37F811CED933F007B39DA /* MASCompositeConstraint.m */; };
		88F37F9B1CED933F007B39DA /* MASConstraint.m in Sources */ = {isa = PBXBuildFile; fileRef = 88F37F841CED933F007B39DA /* MASConstraint.m */; };
		88F37F9C1CED933F007B39DA /* MASConstraintMaker.m in Sources */ = {isa = PBXBuildFile; fileRef = 88F37F861CED933F007B39DA /* MASConstraintMaker.m */; };
		88F37F9D1CED933F007B39DA /* MASLayoutConstraint.m in Sources */ = {isa = PBXBuildFile; fileRef = 88F37F881CED933F007B39DA /* MASLayoutConstraint.m */; };
		88F37F9E1CED933F007B39DA /* MASViewAttribute.m in Sources */ = {isa = PBXBuildFile; fileRef = 88F37F8C1CED933F007B39DA /* MASViewAttribute.m */; };
		88F37F9F1CED933F007B39DA /* MASViewConstraint.m in Sources */ = {isa = PBXBuildFile; fileRef = 88F37F8E1CED933F007B39DA /* MASViewConstraint.m */; };
		88F37FA01CED933F007B39DA /* NSArray+MASAdditions.m in Sources */ = {isa = PBXBuildFile; fileRef = 88F37F901CED933F007B39DA /* NSArray+MASAdditions.m */; };
		88F37FA11CED933F007B39DA /* NSLayoutConstraint+MASDebugAdditions.m in Sources */ = {isa = PBXBuildFile; fileRef = 88F37F931CED933F007B39DA /* NSLayoutConstraint+MASDebugAdditions.m */; };
		88F37FA21CED933F007B39DA /* View+MASAdditions.m in Sources */ = {isa = PBXBuildFile; fileRef = 88F37F951CED933F007B39DA /* View+MASAdditions.m */; };
		88F37FA31CED933F007B39DA /* ViewController+MASAdditions.m in Sources */ = {isa = PBXBuildFile; fileRef = 88F37F981CED933F007B39DA /* ViewController+MASAdditions.m */; };
		88F37FA91CED941C007B39DA /* NSString+Alert.m in Sources */ = {isa = PBXBuildFile; fileRef = 88F37FA81CED941C007B39DA /* NSString+Alert.m */; };
		88F37FAC1CED9AA4007B39DA /* WithdrawView.m in Sources */ = {isa = PBXBuildFile; fileRef = 88F37FAB1CED9AA4007B39DA /* WithdrawView.m */; };
/* End PBXBuildFile section */

/* Begin PBXContainerItemProxy section */
		88F37F5F1CED91FB007B39DA /* PBXContainerItemProxy */ = {
			isa = PBXContainerItemProxy;
			containerPortal = 88F37F3D1CED91FB007B39DA /* Project object */;
			proxyType = 1;
			remoteGlobalIDString = 88F37F441CED91FB007B39DA;
			remoteInfo = WithdrawDemo;
		};
		88F37F6A1CED91FB007B39DA /* PBXContainerItemProxy */ = {
			isa = PBXContainerItemProxy;
			containerPortal = 88F37F3D1CED91FB007B39DA /* Project object */;
			proxyType = 1;
			remoteGlobalIDString = 88F37F441CED91FB007B39DA;
			remoteInfo = WithdrawDemo;
		};
/* End PBXContainerItemProxy section */

/* Begin PBXFileReference section */
		88F37F451CED91FB007B39DA /* WithdrawDemo.app */ = {isa = PBXFileReference; explicitFileType = wrapper.application; includeInIndex = 0; path = WithdrawDemo.app; sourceTree = BUILT_PRODUCTS_DIR; };
		88F37F491CED91FB007B39DA /* main.m */ = {isa = PBXFileReference; lastKnownFileType = sourcecode.c.objc; path = main.m; sourceTree = "<group>"; };
		88F37F4B1CED91FB007B39DA /* AppDelegate.h */ = {isa = PBXFileReference; lastKnownFileType = sourcecode.c.h; path = AppDelegate.h; sourceTree = "<group>"; };
		88F37F4C1CED91FB007B39DA /* AppDelegate.m */ = {isa = PBXFileReference; lastKnownFileType = sourcecode.c.objc; path = AppDelegate.m; sourceTree = "<group>"; };
		88F37F541CED91FB007B39DA /* Assets.xcassets */ = {isa = PBXFileReference; lastKnownFileType = folder.assetcatalog; path = Assets.xcassets; sourceTree = "<group>"; };
		88F37F571CED91FB007B39DA /* Base */ = {isa = PBXFileReference; lastKnownFileType = file.storyboard; name = Base; path = Base.lproj/LaunchScreen.storyboard; sourceTree = "<group>"; };
		88F37F591CED91FB007B39DA /* Info.plist */ = {isa = PBXFileReference; lastKnownFileType = text.plist.xml; path = Info.plist; sourceTree = "<group>"; };
		88F37F5E1CED91FB007B39DA /* WithdrawDemoTests.xctest */ = {isa = PBXFileReference; explicitFileType = wrapper.cfbundle; includeInIndex = 0; path = WithdrawDemoTests.xctest; sourceTree = BUILT_PRODUCTS_DIR; };
		88F37F621CED91FB007B39DA /* WithdrawDemoTests.m */ = {isa = PBXFileReference; lastKnownFileType = sourcecode.c.objc; path = WithdrawDemoTests.m; sourceTree = "<group>"; };
		88F37F641CED91FB007B39DA /* Info.plist */ = {isa = PBXFileReference; lastKnownFileType = text.plist.xml; path = Info.plist; sourceTree = "<group>"; };
		88F37F691CED91FB007B39DA /* WithdrawDemoUITests.xctest */ = {isa = PBXFileReference; explicitFileType = wrapper.cfbundle; includeInIndex = 0; path = WithdrawDemoUITests.xctest; sourceTree = BUILT_PRODUCTS_DIR; };
		88F37F6D1CED91FB007B39DA /* WithdrawDemoUITests.m */ = {isa = PBXFileReference; lastKnownFileType = sourcecode.c.objc; path = WithdrawDemoUITests.m; sourceTree = "<group>"; };
		88F37F6F1CED91FB007B39DA /* Info.plist */ = {isa = PBXFileReference; lastKnownFileType = text.plist.xml; path = Info.plist; sourceTree = "<group>"; };
		88F37F7B1CED9219007B39DA /* WithdrawViewController.h */ = {isa = PBXFileReference; fileEncoding = 4; lastKnownFileType = sourcecode.c.h; path = WithdrawViewController.h; sourceTree = "<group>"; };
		88F37F7C1CED9219007B39DA /* WithdrawViewController.m */ = {isa = PBXFileReference; fileEncoding = 4; lastKnownFileType = sourcecode.c.objc; path = WithdrawViewController.m; sourceTree = "<group>"; };
		88F37F7F1CED933F007B39DA /* Info.plist */ = {isa = PBXFileReference; fileEncoding = 4; lastKnownFileType = text.plist.xml; path = Info.plist; sourceTree = "<group>"; };
		88F37F801CED933F007B39DA /* MASCompositeConstraint.h */ = {isa = PBXFileReference; fileEncoding = 4; lastKnownFileType = sourcecode.c.h; path = MASCompositeConstraint.h; sourceTree = "<group>"; };
		88F37F811CED933F007B39DA /* MASCompositeConstraint.m */ = {isa = PBXFileReference; fileEncoding = 4; lastKnownFileType = sourcecode.c.objc; path = MASCompositeConstraint.m; sourceTree = "<group>"; };
		88F37F821CED933F007B39DA /* MASConstraint+Private.h */ = {isa = PBXFileReference; fileEncoding = 4; lastKnownFileType = sourcecode.c.h; path = "MASConstraint+Private.h"; sourceTree = "<group>"; };
		88F37F831CED933F007B39DA /* MASConstraint.h */ = {isa = PBXFileReference; fileEncoding = 4; lastKnownFileType = sourcecode.c.h; path = MASConstraint.h; sourceTree = "<group>"; };
		88F37F841CED933F007B39DA /* MASConstraint.m */ = {isa = PBXFileReference; fileEncoding = 4; lastKnownFileType = sourcecode.c.objc; path = MASConstraint.m; sourceTree = "<group>"; };
		88F37F851CED933F007B39DA /* MASConstraintMaker.h */ = {isa = PBXFileReference; fileEncoding = 4; lastKnownFileType = sourcecode.c.h; path = MASConstraintMaker.h; sourceTree = "<group>"; };
		88F37F861CED933F007B39DA /* MASConstraintMaker.m */ = {isa = PBXFileReference; fileEncoding = 4; lastKnownFileType = sourcecode.c.objc; path = MASConstraintMaker.m; sourceTree = "<group>"; };
		88F37F871CED933F007B39DA /* MASLayoutConstraint.h */ = {isa = PBXFileReference; fileEncoding = 4; lastKnownFileType = sourcecode.c.h; path = MASLayoutConstraint.h; sourceTree = "<group>"; };
		88F37F881CED933F007B39DA /* MASLayoutConstraint.m */ = {isa = PBXFileReference; fileEncoding = 4; lastKnownFileType = sourcecode.c.objc; path = MASLayoutConstraint.m; sourceTree = "<group>"; };
		88F37F891CED933F007B39DA /* Masonry.h */ = {isa = PBXFileReference; fileEncoding = 4; lastKnownFileType = sourcecode.c.h; path = Masonry.h; sourceTree = "<group>"; };
		88F37F8A1CED933F007B39DA /* MASUtilities.h */ = {isa = PBXFileReference; fileEncoding = 4; lastKnownFileType = sourcecode.c.h; path = MASUtilities.h; sourceTree = "<group>"; };
		88F37F8B1CED933F007B39DA /* MASViewAttribute.h */ = {isa = PBXFileReference; fileEncoding = 4; lastKnownFileType = sourcecode.c.h; path = MASViewAttribute.h; sourceTree = "<group>"; };
		88F37F8C1CED933F007B39DA /* MASViewAttribute.m */ = {isa = PBXFileReference; fileEncoding = 4; lastKnownFileType = sourcecode.c.objc; path = MASViewAttribute.m; sourceTree = "<group>"; };
		88F37F8D1CED933F007B39DA /* MASViewConstraint.h */ = {isa = PBXFileReference; fileEncoding = 4; lastKnownFileType = sourcecode.c.h; path = MASViewConstraint.h; sourceTree = "<group>"; };
		88F37F8E1CED933F007B39DA /* MASViewConstraint.m */ = {isa = PBXFileReference; fileEncoding = 4; lastKnownFileType = sourcecode.c.objc; path = MASViewConstraint.m; sourceTree = "<group>"; };
		88F37F8F1CED933F007B39DA /* NSArray+MASAdditions.h */ = {isa = PBXFileReference; fileEncoding = 4; lastKnownFileType = sourcecode.c.h; path = "NSArray+MASAdditions.h"; sourceTree = "<group>"; };
		88F37F901CED933F007B39DA /* NSArray+MASAdditions.m */ = {isa = PBXFileReference; fileEncoding = 4; lastKnownFileType = sourcecode.c.objc; path = "NSArray+MASAdditions.m"; sourceTree = "<group>"; };
		88F37F911CED933F007B39DA /* NSArray+MASShorthandAdditions.h */ = {isa = PBXFileReference; fileEncoding = 4; lastKnownFileType = sourcecode.c.h; path = "NSArray+MASShorthandAdditions.h"; sourceTree = "<group>"; };
		88F37F921CED933F007B39DA /* NSLayoutConstraint+MASDebugAdditions.h */ = {isa = PBXFileReference; fileEncoding = 4; lastKnownFileType = sourcecode.c.h; path = "NSLayoutConstraint+MASDebugAdditions.h"; sourceTree = "<group>"; };
		88F37F931CED933F007B39DA /* NSLayoutConstraint+MASDebugAdditions.m */ = {isa = PBXFileReference; fileEncoding = 4; lastKnownFileType = sourcecode.c.objc; path = "NSLayoutConstraint+MASDebugAdditions.m"; sourceTree = "<group>"; };
		88F37F941CED933F007B39DA /* View+MASAdditions.h */ = {isa = PBXFileReference; fileEncoding = 4; lastKnownFileType = sourcecode.c.h; path = "View+MASAdditions.h"; sourceTree = "<group>"; };
		88F37F951CED933F007B39DA /* View+MASAdditions.m */ = {isa = PBXFileReference; fileEncoding = 4; lastKnownFileType = sourcecode.c.objc; path = "View+MASAdditions.m"; sourceTree = "<group>"; };
		88F37F961CED933F007B39DA /* View+MASShorthandAdditions.h */ = {isa = PBXFileReference; fileEncoding = 4; lastKnownFileType = sourcecode.c.h; path = "View+MASShorthandAdditions.h"; sourceTree = "<group>"; };
		88F37F971CED933F007B39DA /* ViewController+MASAdditions.h */ = {isa = PBXFileReference; fileEncoding = 4; lastKnownFileType = sourcecode.c.h; path = "ViewController+MASAdditions.h"; sourceTree = "<group>"; };
		88F37F981CED933F007B39DA /* ViewController+MASAdditions.m */ = {isa = PBXFileReference; fileEncoding = 4; lastKnownFileType = sourcecode.c.objc; path = "ViewController+MASAdditions.m"; sourceTree = "<group>"; };
		88F37FA71CED941C007B39DA /* NSString+Alert.h */ = {isa = PBXFileReference; fileEncoding = 4; lastKnownFileType = sourcecode.c.h; path = "NSString+Alert.h"; sourceTree = "<group>"; };
		88F37FA81CED941C007B39DA /* NSString+Alert.m */ = {isa = PBXFileReference; fileEncoding = 4; lastKnownFileType = sourcecode.c.objc; path = "NSString+Alert.m"; sourceTree = "<group>"; };
		88F37FAA1CED9AA4007B39DA /* WithdrawView.h */ = {isa = PBXFileReference; fileEncoding = 4; lastKnownFileType = sourcecode.c.h; path = WithdrawView.h; sourceTree = "<group>"; };
		88F37FAB1CED9AA4007B39DA /* WithdrawView.m */ = {isa = PBXFileReference; fileEncoding = 4; lastKnownFileType = sourcecode.c.objc; path = WithdrawView.m; sourceTree = "<group>"; };
/* End PBXFileReference section */

/* Begin PBXFrameworksBuildPhase section */
		88F37F421CED91FB007B39DA /* Frameworks */ = {
			isa = PBXFrameworksBuildPhase;
			buildActionMask = 2147483647;
			files = (
			);
			runOnlyForDeploymentPostprocessing = 0;
		};
		88F37F5B1CED91FB007B39DA /* Frameworks */ = {
			isa = PBXFrameworksBuildPhase;
			buildActionMask = 2147483647;
			files = (
			);
			runOnlyForDeploymentPostprocessing = 0;
		};
		88F37F661CED91FB007B39DA /* Frameworks */ = {
			isa = PBXFrameworksBuildPhase;
			buildActionMask = 2147483647;
			files = (
			);
			runOnlyForDeploymentPostprocessing = 0;
		};
/* End PBXFrameworksBuildPhase section */

/* Begin PBXGroup section */
		88F37F3C1CED91FB007B39DA = {
			isa = PBXGroup;
			children = (
				88F37F471CED91FB007B39DA /* WithdrawDemo */,
				88F37F611CED91FB007B39DA /* WithdrawDemoTests */,
				88F37F6C1CED91FB007B39DA /* WithdrawDemoUITests */,
				88F37F461CED91FB007B39DA /* Products */,
			);
			sourceTree = "<group>";
		};
		88F37F461CED91FB007B39DA /* Products */ = {
			isa = PBXGroup;
			children = (
				88F37F451CED91FB007B39DA /* WithdrawDemo.app */,
				88F37F5E1CED91FB007B39DA /* WithdrawDemoTests.xctest */,
				88F37F691CED91FB007B39DA /* WithdrawDemoUITests.xctest */,
			);
			name = Products;
			sourceTree = "<group>";
		};
		88F37F471CED91FB007B39DA /* WithdrawDemo */ = {
			isa = PBXGroup;
			children = (
				88F37F7E1CED933F007B39DA /* Masonry */,
				88F37F4B1CED91FB007B39DA /* AppDelegate.h */,
				88F37F4C1CED91FB007B39DA /* AppDelegate.m */,
				88F37F7B1CED9219007B39DA /* WithdrawViewController.h */,
				88F37F7C1CED9219007B39DA /* WithdrawViewController.m */,
				88F37FA71CED941C007B39DA /* NSString+Alert.h */,
				88F37FA81CED941C007B39DA /* NSString+Alert.m */,
				88F37FAA1CED9AA4007B39DA /* WithdrawView.h */,
				88F37FAB1CED9AA4007B39DA /* WithdrawView.m */,
				88F37F541CED91FB007B39DA /* Assets.xcassets */,
				88F37F561CED91FB007B39DA /* LaunchScreen.storyboard */,
				88F37F591CED91FB007B39DA /* Info.plist */,
				88F37F481CED91FB007B39DA /* Supporting Files */,
			);
			path = WithdrawDemo;
			sourceTree = "<group>";
		};
		88F37F481CED91FB007B39DA /* Supporting Files */ = {
			isa = PBXGroup;
			children = (
				88F37F491CED91FB007B39DA /* main.m */,
			);
			name = "Supporting Files";
			sourceTree = "<group>";
		};
		88F37F611CED91FB007B39DA /* WithdrawDemoTests */ = {
			isa = PBXGroup;
			children = (
				88F37F621CED91FB007B39DA /* WithdrawDemoTests.m */,
				88F37F641CED91FB007B39DA /* Info.plist */,
			);
			path = WithdrawDemoTests;
			sourceTree = "<group>";
		};
		88F37F6C1CED91FB007B39DA /* WithdrawDemoUITests */ = {
			isa = PBXGroup;
			children = (
				88F37F6D1CED91FB007B39DA /* WithdrawDemoUITests.m */,
				88F37F6F1CED91FB007B39DA /* Info.plist */,
			);
			path = WithdrawDemoUITests;
			sourceTree = "<group>";
		};
		88F37F7E1CED933F007B39DA /* Masonry */ = {
			isa = PBXGroup;
			children = (
				88F37F7F1CED933F007B39DA /* Info.plist */,
				88F37F801CED933F007B39DA /* MASCompositeConstraint.h */,
				88F37F811CED933F007B39DA /* MASCompositeConstraint.m */,
				88F37F821CED933F007B39DA /* MASConstraint+Private.h */,
				88F37F831CED933F007B39DA /* MASConstraint.h */,
				88F37F841CED933F007B39DA /* MASConstraint.m */,
				88F37F851CED933F007B39DA /* MASConstraintMaker.h */,
				88F37F861CED933F007B39DA /* MASConstraintMaker.m */,
				88F37F871CED933F007B39DA /* MASLayoutConstraint.h */,
				88F37F881CED933F007B39DA /* MASLayoutConstraint.m */,
				88F37F891CED933F007B39DA /* Masonry.h */,
				88F37F8A1CED933F007B39DA /* MASUtilities.h */,
				88F37F8B1CED933F007B39DA /* MASViewAttribute.h */,
				88F37F8C1CED933F007B39DA /* MASViewAttribute.m */,
				88F37F8D1CED933F007B39DA /* MASViewConstraint.h */,
				88F37F8E1CED933F007B39DA /* MASViewConstraint.m */,
				88F37F8F1CED933F007B39DA /* NSArray+MASAdditions.h */,
				88F37F901CED933F007B39DA /* NSArray+MASAdditions.m */,
				88F37F911CED933F007B39DA /* NSArray+MASShorthandAdditions.h */,
				88F37F921CED933F007B39DA /* NSLayoutConstraint+MASDebugAdditions.h */,
				88F37F931CED933F007B39DA /* NSLayoutConstraint+MASDebugAdditions.m */,
				88F37F941CED933F007B39DA /* View+MASAdditions.h */,
				88F37F951CED933F007B39DA /* View+MASAdditions.m */,
				88F37F961CED933F007B39DA /* View+MASShorthandAdditions.h */,
				88F37F971CED933F007B39DA /* ViewController+MASAdditions.h */,
				88F37F981CED933F007B39DA /* ViewController+MASAdditions.m */,
			);
			path = Masonry;
			sourceTree = "<group>";
		};
/* End PBXGroup section */

/* Begin PBXNativeTarget section */
		88F37F441CED91FB007B39DA /* WithdrawDemo */ = {
			isa = PBXNativeTarget;
			buildConfigurationList = 88F37F721CED91FB007B39DA /* Build configuration list for PBXNativeTarget "WithdrawDemo" */;
			buildPhases = (
				88F37F411CED91FB007B39DA /* Sources */,
				88F37F421CED91FB007B39DA /* Frameworks */,
				88F37F431CED91FB007B39DA /* Resources */,
			);
			buildRules = (
			);
			dependencies = (
			);
			name = WithdrawDemo;
			productName = WithdrawDemo;
			productReference = 88F37F451CED91FB007B39DA /* WithdrawDemo.app */;
			productType = "com.apple.product-type.application";
		};
		88F37F5D1CED91FB007B39DA /* WithdrawDemoTests */ = {
			isa = PBXNativeTarget;
			buildConfigurationList = 88F37F751CED91FB007B39DA /* Build configuration list for PBXNativeTarget "WithdrawDemoTests" */;
			buildPhases = (
				88F37F5A1CED91FB007B39DA /* Sources */,
				88F37F5B1CED91FB007B39DA /* Frameworks */,
				88F37F5C1CED91FB007B39DA /* Resources */,
			);
			buildRules = (
			);
			dependencies = (
				88F37F601CED91FB007B39DA /* PBXTargetDependency */,
			);
			name = WithdrawDemoTests;
			productName = WithdrawDemoTests;
			productReference = 88F37F5E1CED91FB007B39DA /* WithdrawDemoTests.xctest */;
			productType = "com.apple.product-type.bundle.unit-test";
		};
		88F37F681CED91FB007B39DA /* WithdrawDemoUITests */ = {
			isa = PBXNativeTarget;
			buildConfigurationList = 88F37F781CED91FB007B39DA /* Build configuration list for PBXNativeTarget "WithdrawDemoUITests" */;
			buildPhases = (
				88F37F651CED91FB007B39DA /* Sources */,
				88F37F661CED91FB007B39DA /* Frameworks */,
				88F37F671CED91FB007B39DA /* Resources */,
			);
			buildRules = (
			);
			dependencies = (
				88F37F6B1CED91FB007B39DA /* PBXTargetDependency */,
			);
			name = WithdrawDemoUITests;
			productName = WithdrawDemoUITests;
			productReference = 88F37F691CED91FB007B39DA /* WithdrawDemoUITests.xctest */;
			productType = "com.apple.product-type.bundle.ui-testing";
		};
/* End PBXNativeTarget section */

/* Begin PBXProject section */
		88F37F3D1CED91FB007B39DA /* Project object */ = {
			isa = PBXProject;
			attributes = {
				LastUpgradeCheck = 0720;
				ORGANIZATIONNAME = Cai;
				TargetAttributes = {
					88F37F441CED91FB007B39DA = {
						CreatedOnToolsVersion = 7.2.1;
					};
					88F37F5D1CED91FB007B39DA = {
						CreatedOnToolsVersion = 7.2.1;
						TestTargetID = 88F37F441CED91FB007B39DA;
					};
					88F37F681CED91FB007B39DA = {
						CreatedOnToolsVersion = 7.2.1;
						TestTargetID = 88F37F441CED91FB007B39DA;
					};
				};
			};
			buildConfigurationList = 88F37F401CED91FB007B39DA /* Build configuration list for PBXProject "WithdrawDemo" */;
			compatibilityVersion = "Xcode 3.2";
			developmentRegion = English;
			hasScannedForEncodings = 0;
			knownRegions = (
				en,
				Base,
			);
			mainGroup = 88F37F3C1CED91FB007B39DA;
			productRefGroup = 88F37F461CED91FB007B39DA /* Products */;
			projectDirPath = "";
			projectRoot = "";
			targets = (
				88F37F441CED91FB007B39DA /* WithdrawDemo */,
				88F37F5D1CED91FB007B39DA /* WithdrawDemoTests */,
				88F37F681CED91FB007B39DA /* WithdrawDemoUITests */,
			);
		};
/* End PBXProject section */

/* Begin PBXResourcesBuildPhase section */
		88F37F431CED91FB007B39DA /* Resources */ = {
			isa = PBXResourcesBuildPhase;
			buildActionMask = 2147483647;
			files = (
				88F37F581CED91FB007B39DA /* LaunchScreen.storyboard in Resources */,
				88F37F551CED91FB007B39DA /* Assets.xcassets in Resources */,
				88F37F991CED933F007B39DA /* Info.plist in Resources */,
			);
			runOnlyForDeploymentPostprocessing = 0;
		};
		88F37F5C1CED91FB007B39DA /* Resources */ = {
			isa = PBXResourcesBuildPhase;
			buildActionMask = 2147483647;
			files = (
			);
			runOnlyForDeploymentPostprocessing = 0;
		};
		88F37F671CED91FB007B39DA /* Resources */ = {
			isa = PBXResourcesBuildPhase;
			buildActionMask = 2147483647;
			files = (
			);
			runOnlyForDeploymentPostprocessing = 0;
		};
/* End PBXResourcesBuildPhase section */

/* Begin PBXSourcesBuildPhase section */
		88F37F411CED91FB007B39DA /* Sources */ = {
			isa = PBXSourcesBuildPhase;
			buildActionMask = 2147483647;
			files = (
				88F37FA11CED933F007B39DA /* NSLayoutConstraint+MASDebugAdditions.m in Sources */,
				88F37FAC1CED9AA4007B39DA /* WithdrawView.m in Sources */,
				88F37F9F1CED933F007B39DA /* MASViewConstraint.m in Sources */,
				88F37FA91CED941C007B39DA /* NSString+Alert.m in Sources */,
				88F37F9A1CED933F007B39DA /* MASCompositeConstraint.m in Sources */,
				88F37FA01CED933F007B39DA /* NSArray+MASAdditions.m in Sources */,
				88F37F4D1CED91FB007B39DA /* AppDelegate.m in Sources */,
				88F37F4A1CED91FB007B39DA /* main.m in Sources */,
				88F37F9D1CED933F007B39DA /* MASLayoutConstraint.m in Sources */,
				88F37F7D1CED9219007B39DA /* WithdrawViewController.m in Sources */,
				88F37FA31CED933F007B39DA /* ViewController+MASAdditions.m in Sources */,
				88F37FA21CED933F007B39DA /* View+MASAdditions.m in Sources */,
				88F37F9E1CED933F007B39DA /* MASViewAttribute.m in Sources */,
				88F37F9B1CED933F007B39DA /* MASConstraint.m in Sources */,
				88F37F9C1CED933F007B39DA /* MASConstraintMaker.m in Sources */,
			);
			runOnlyForDeploymentPostprocessing = 0;
		};
		88F37F5A1CED91FB007B39DA /* Sources */ = {
			isa = PBXSourcesBuildPhase;
			buildActionMask = 2147483647;
			files = (
				88F37F631CED91FB007B39DA /* WithdrawDemoTests.m in Sources */,
			);
			runOnlyForDeploymentPostprocessing = 0;
		};
		88F37F651CED91FB007B39DA /* Sources */ = {
			isa = PBXSourcesBuildPhase;
			buildActionMask = 2147483647;
			files = (
				88F37F6E1CED91FB007B39DA /* WithdrawDemoUITests.m in Sources */,
			);
			runOnlyForDeploymentPostprocessing = 0;
		};
/* End PBXSourcesBuildPhase section */

/* Begin PBXTargetDependency section */
		88F37F601CED91FB007B39DA /* PBXTargetDependency */ = {
			isa = PBXTargetDependency;
			target = 88F37F441CED91FB007B39DA /* WithdrawDemo */;
			targetProxy = 88F37F5F1CED91FB007B39DA /* PBXContainerItemProxy */;
		};
		88F37F6B1CED91FB007B39DA /* PBXTargetDependency */ = {
			isa = PBXTargetDependency;
			target = 88F37F441CED91FB007B39DA /* WithdrawDemo */;
			targetProxy = 88F37F6A1CED91FB007B39DA /* PBXContainerItemProxy */;
		};
/* End PBXTargetDependency section */

/* Begin PBXVariantGroup section */
		88F37F561CED91FB007B39DA /* LaunchScreen.storyboard */ = {
			isa = PBXVariantGroup;
			children = (
				88F37F571CED91FB007B39DA /* Base */,
			);
			name = LaunchScreen.storyboard;
			sourceTree = "<group>";
		};
/* End PBXVariantGroup section */

/* Begin XCBuildConfiguration section */
		88F37F701CED91FB007B39DA /* Debug */ = {
			isa = XCBuildConfiguration;
			buildSettings = {
				ALWAYS_SEARCH_USER_PATHS = NO;
				CLANG_CXX_LANGUAGE_STANDARD = "gnu++0x";
				CLANG_CXX_LIBRARY = "libc++";
				CLANG_ENABLE_MODULES = YES;
				CLANG_ENABLE_OBJC_ARC = YES;
				CLANG_WARN_BOOL_CONVERSION = YES;
				CLANG_WARN_CONSTANT_CONVERSION = YES;
				CLANG_WARN_DIRECT_OBJC_ISA_USAGE = YES_ERROR;
				CLANG_WARN_EMPTY_BODY = YES;
				CLANG_WARN_ENUM_CONVERSION = YES;
				CLANG_WARN_INT_CONVERSION = YES;
				CLANG_WARN_OBJC_ROOT_CLASS = YES_ERROR;
				CLANG_WARN_UNREACHABLE_CODE = YES;
				CLANG_WARN__DUPLICATE_METHOD_MATCH = YES;
				"CODE_SIGN_IDENTITY[sdk=iphoneos*]" = "iPhone Developer";
				COPY_PHASE_STRIP = NO;
				DEBUG_INFORMATION_FORMAT = dwarf;
				ENABLE_STRICT_OBJC_MSGSEND = YES;
				ENABLE_TESTABILITY = YES;
				GCC_C_LANGUAGE_STANDARD = gnu99;
				GCC_DYNAMIC_NO_PIC = NO;
				GCC_NO_COMMON_BLOCKS = YES;
				GCC_OPTIMIZATION_LEVEL = 0;
				GCC_PREPROCESSOR_DEFINITIONS = (
					"DEBUG=1",
					"$(inherited)",
				);
				GCC_WARN_64_TO_32_BIT_CONVERSION = YES;
				GCC_WARN_ABOUT_RETURN_TYPE = YES_ERROR;
				GCC_WARN_UNDECLARED_SELECTOR = YES;
				GCC_WARN_UNINITIALIZED_AUTOS = YES_AGGRESSIVE;
				GCC_WARN_UNUSED_FUNCTION = YES;
				GCC_WARN_UNUSED_VARIABLE = YES;
				IPHONEOS_DEPLOYMENT_TARGET = 9.2;
				MTL_ENABLE_DEBUG_INFO = YES;
				ONLY_ACTIVE_ARCH = YES;
				SDKROOT = iphoneos;
			};
			name = Debug;
		};
		88F37F711CED91FB007B39DA /* Release */ = {
			isa = XCBuildConfiguration;
			buildSettings = {
				ALWAYS_SEARCH_USER_PATHS = NO;
				CLANG_CXX_LANGUAGE_STANDARD = "gnu++0x";
				CLANG_CXX_LIBRARY = "libc++";
				CLANG_ENABLE_MODULES = YES;
				CLANG_ENABLE_OBJC_ARC = YES;
				CLANG_WARN_BOOL_CONVERSION = YES;
				CLANG_WARN_CONSTANT_CONVERSION = YES;
				CLANG_WARN_DIRECT_OBJC_ISA_USAGE = YES_ERROR;
				CLANG_WARN_EMPTY_BODY = YES;
				CLANG_WARN_ENUM_CONVERSION = YES;
				CLANG_WARN_INT_CONVERSION = YES;
				CLANG_WARN_OBJC_ROOT_CLASS = YES_ERROR;
				CLANG_WARN_UNREACHABLE_CODE = YES;
				CLANG_WARN__DUPLICATE_METHOD_MATCH = YES;
				"CODE_SIGN_IDENTITY[sdk=iphoneos*]" = "iPhone Developer";
				COPY_PHASE_STRIP = NO;
				DEBUG_INFORMATION_FORMAT = "dwarf-with-dsym";
				ENABLE_NS_ASSERTIONS = NO;
				ENABLE_STRICT_OBJC_MSGSEND = YES;
				GCC_C_LANGUAGE_STANDARD = gnu99;
				GCC_NO_COMMON_BLOCKS = YES;
				GCC_WARN_64_TO_32_BIT_CONVERSION = YES;
				GCC_WARN_ABOUT_RETURN_TYPE = YES_ERROR;
				GCC_WARN_UNDECLARED_SELECTOR = YES;
				GCC_WARN_UNINITIALIZED_AUTOS = YES_AGGRESSIVE;
				GCC_WARN_UNUSED_FUNCTION = YES;
				GCC_WARN_UNUSED_VARIABLE = YES;
				IPHONEOS_DEPLOYMENT_TARGET = 9.2;
				MTL_ENABLE_DEBUG_INFO = NO;
				SDKROOT = iphoneos;
				VALIDATE_PRODUCT = YES;
			};
			name = Release;
		};
		88F37F731CED91FB007B39DA /* Debug */ = {
			isa = XCBuildConfiguration;
			buildSettings = {
				ASSETCATALOG_COMPILER_APPICON_NAME = AppIcon;
				INFOPLIST_FILE = WithdrawDemo/Info.plist;
				LD_RUNPATH_SEARCH_PATHS = "$(inherited) @executable_path/Frameworks";
				PRODUCT_BUNDLE_IDENTIFIER = DY.WithdrawDemo;
				PRODUCT_NAME = "$(TARGET_NAME)";
			};
			name = Debug;
		};
		88F37F741CED91FB007B39DA /* Release */ = {
			isa = XCBuildConfiguration;
			buildSettings = {
				ASSETCATALOG_COMPILER_APPICON_NAME = AppIcon;
				INFOPLIST_FILE = WithdrawDemo/Info.plist;
				LD_RUNPATH_SEARCH_PATHS = "$(inherited) @executable_path/Frameworks";
				PRODUCT_BUNDLE_IDENTIFIER = DY.WithdrawDemo;
				PRODUCT_NAME = "$(TARGET_NAME)";
			};
			name = Release;
		};
		88F37F761CED91FB007B39DA /* Debug */ = {
			isa = XCBuildConfiguration;
			buildSettings = {
				BUNDLE_LOADER = "$(TEST_HOST)";
				INFOPLIST_FILE = WithdrawDemoTests/Info.plist;
				LD_RUNPATH_SEARCH_PATHS = "$(inherited) @executable_path/Frameworks @loader_path/Frameworks";
				PRODUCT_BUNDLE_IDENTIFIER = DY.WithdrawDemoTests;
				PRODUCT_NAME = "$(TARGET_NAME)";
				TEST_HOST = "$(BUILT_PRODUCTS_DIR)/WithdrawDemo.app/WithdrawDemo";
			};
			name = Debug;
		};
		88F37F771CED91FB007B39DA /* Release */ = {
			isa = XCBuildConfiguration;
			buildSettings = {
				BUNDLE_LOADER = "$(TEST_HOST)";
				INFOPLIST_FILE = WithdrawDemoTests/Info.plist;
				LD_RUNPATH_SEARCH_PATHS = "$(inherited) @executable_path/Frameworks @loader_path/Frameworks";
				PRODUCT_BUNDLE_IDENTIFIER = DY.WithdrawDemoTests;
				PRODUCT_NAME = "$(TARGET_NAME)";
				TEST_HOST = "$(BUILT_PRODUCTS_DIR)/WithdrawDemo.app/WithdrawDemo";
			};
			name = Release;
		};
		88F37F791CED91FB007B39DA /* Debug */ = {
			isa = XCBuildConfiguration;
			buildSettings = {
				INFOPLIST_FILE = WithdrawDemoUITests/Info.plist;
				LD_RUNPATH_SEARCH_PATHS = "$(inherited) @executable_path/Frameworks @loader_path/Frameworks";
				PRODUCT_BUNDLE_IDENTIFIER = DY.WithdrawDemoUITests;
				PRODUCT_NAME = "$(TARGET_NAME)";
				TEST_TARGET_NAME = WithdrawDemo;
				USES_XCTRUNNER = YES;
			};
			name = Debug;
		};
		88F37F7A1CED91FB007B39DA /* Release */ = {
			isa = XCBuildConfiguration;
			buildSettings = {
				INFOPLIST_FILE = WithdrawDemoUITests/Info.plist;
				LD_RUNPATH_SEARCH_PATHS = "$(inherited) @executable_path/Frameworks @loader_path/Frameworks";
				PRODUCT_BUNDLE_IDENTIFIER = DY.WithdrawDemoUITests;
				PRODUCT_NAME = "$(TARGET_NAME)";
				TEST_TARGET_NAME = WithdrawDemo;
				USES_XCTRUNNER = YES;
			};
			name = Release;
		};
/* End XCBuildConfiguration section */

/* Begin XCConfigurationList section */
		88F37F401CED91FB007B39DA /* Build configuration list for PBXProject "WithdrawDemo" */ = {
			isa = XCConfigurationList;
			buildConfigurations = (
				88F37F701CED91FB007B39DA /* Debug */,
				88F37F711CED91FB007B39DA /* Release */,
			);
			defaultConfigurationIsVisible = 0;
			defaultConfigurationName = Release;
		};
		88F37F721CED91FB007B39DA /* Build configuration list for PBXNativeTarget "WithdrawDemo" */ = {
			isa = XCConfigurationList;
			buildConfigurations = (
				88F37F731CED91FB007B39DA /* Debug */,
				88F37F741CED91FB007B39DA /* Release */,
			);
			defaultConfigurationIsVisible = 0;
		};
		88F37F751CED91FB007B39DA /* Build configuration list for PBXNativeTarget "WithdrawDemoTests" */ = {
			isa = XCConfigurationList;
			buildConfigurations = (
				88F37F761CED91FB007B39DA /* Debug */,
				88F37F771CED91FB007B39DA /* Release */,
			);
			defaultConfigurationIsVisible = 0;
		};
		88F37F781CED91FB007B39DA /* Build configuration list for PBXNativeTarget "WithdrawDemoUITests" */ = {
			isa = XCConfigurationList;
			buildConfigurations = (
				88F37F791CED91FB007B39DA /* Debug */,
				88F37F7A1CED91FB007B39DA /* Release */,
			);
			defaultConfigurationIsVisible = 0;
		};
/* End XCConfigurationList section */
	};
	rootObject = 88F37F3D1CED91FB007B39DA /* Project object */;
}
